
Microsoft Visual Studio Solution File, Format Version 12.00
# Visual Studio Version 17
VisualStudioVersion = 17.1.32328.378
MinimumVisualStudioVersion = 10.0.40219.1
Project("{FAE04EC0-301F-11D3-BF4B-00C04F79EFBC}") = "HW7_test", "HW7_test\HW7_test.csproj", "{A57EE526-2D51-4C94-9EFC-1351A879A0C8}"
EndProject
Global
	GlobalSection(SolutionConfigurationPlatforms) = preSolution
		Debug|Any CPU = Debug|Any CPU
		Release|Any CPU = Release|Any CPU
	EndGlobalSection
	GlobalSection(ProjectConfigurationPlatforms) = postSolution
		{A57EE526-2D51-4C94-9EFC-1351A879A0C8}.Debug|Any CPU.ActiveCfg = Debug|Any CPU
		{A57EE526-2D51-4C94-9EFC-1351A879A0C8}.Debug|Any CPU.Build.0 = Debug|Any CPU
		{A57EE526-2D51-4C94-9EFC-1351A879A0C8}.Release|Any CPU.ActiveCfg = Release|Any CPU
		{A57EE526-2D51-4C94-9EFC-1351A879A0C8}.Release|Any CPU.Build.0 = Release|Any CPU
	EndGlobalSection
	GlobalSection(SolutionProperties) = preSolution
		HideSolutionNode = FALSE
	EndGlobalSection
	GlobalSection(ExtensibilityGlobals) = postSolution
		SolutionGuid = {E2D71807-0BD2-4F3A-B0A6-BBD41A0B5FA0}
	EndGlobalSection
EndGlobal
